// !$*UTF8*$!
{
	archiveVersion = 1;
	classes = {
	};
	objectVersion = 46;
	objects = {

/* Begin PBXBuildFile section */
		450B11A21D7121D000B91522 /* main.m in Sources */ = {isa = PBXBuildFile; fileRef = 450B11A11D7121D000B91522 /* main.m */; };
		450B11A51D7121D000B91522 /* AppDelegate.m in Sources */ = {isa = PBXBuildFile; fileRef = 450B11A41D7121D000B91522 /* AppDelegate.m */; };
		450B11A81D7121D000B91522 /* ViewController.m in Sources */ = {isa = PBXBuildFile; fileRef = 450B11A71D7121D000B91522 /* ViewController.m */; };
		450B11AB1D7121D000B91522 /* Main.storyboard in Resources */ = {isa = PBXBuildFile; fileRef = 450B11A91D7121D000B91522 /* Main.storyboard */; };
		450B11AD1D7121D000B91522 /* Assets.xcassets in Resources */ = {isa = PBXBuildFile; fileRef = 450B11AC1D7121D000B91522 /* Assets.xcassets */; };
		450B11B01D7121D000B91522 /* LaunchScreen.storyboard in Resources */ = {isa = PBXBuildFile; fileRef = 450B11AE1D7121D000B91522 /* LaunchScreen.storyboard */; };
		450B11C41D71260600B91522 /* WKWebViewController.m in Sources */ = {isa = PBXBuildFile; fileRef = 450B11C21D71260600B91522 /* WKWebViewController.m */; };
		450B11E11D717FE400B91522 /* shopsDetail_UIWebView_Block.html in Resources */ = {isa = PBXBuildFile; fileRef = 450B11D81D717FE400B91522 /* shopsDetail_UIWebView_Block.html */; };
		450B11E21D717FE400B91522 /* Cbase.css in Resources */ = {isa = PBXBuildFile; fileRef = 450B11DA1D717FE400B91522 /* Cbase.css */; };
		450B11E31D717FE400B91522 /* jquery-1.7.2.min.js in Resources */ = {isa = PBXBuildFile; fileRef = 450B11DB1D717FE400B91522 /* jquery-1.7.2.min.js */; };
		450B11E41D717FE400B91522 /* pay_UIWebView.html in Resources */ = {isa = PBXBuildFile; fileRef = 450B11DC1D717FE400B91522 /* pay_UIWebView.html */; };
		450B11E51D717FE400B91522 /* shopCar_UIWebView.html in Resources */ = {isa = PBXBuildFile; fileRef = 450B11DD1D717FE400B91522 /* shopCar_UIWebView.html */; };
		450B11E61D717FE400B91522 /* shopsDetail_UIWebView.html in Resources */ = {isa = PBXBuildFile; fileRef = 450B11DE1D717FE400B91522 /* shopsDetail_UIWebView.html */; };
		450B11E71D717FE400B91522 /* UIWebViewController.m in Sources */ = {isa = PBXBuildFile; fileRef = 450B11E01D717FE400B91522 /* UIWebViewController.m */; };
		450B11EA1D71800400B91522 /* UIWWebViewBlockViewController.m in Sources */ = {isa = PBXBuildFile; fileRef = 450B11E91D71800400B91522 /* UIWWebViewBlockViewController.m */; };
		45E3FF3A1D73E994009DD5DD /* shopsDetail_WKWebView.html in Resources */ = {isa = PBXBuildFile; fileRef = 45E3FF391D73E994009DD5DD /* shopsDetail_WKWebView.html */; };
/* End PBXBuildFile section */

/* Begin PBXFileReference section */
		450B119D1D7121D000B91522 /* WebViewTestDemo.app */ = {isa = PBXFileReference; explicitFileType = wrapper.application; includeInIndex = 0; path = WebViewTestDemo.app; sourceTree = BUILT_PRODUCTS_DIR; };
		450B11A11D7121D000B91522 /* main.m */ = {isa = PBXFileReference; lastKnownFileType = sourcecode.c.objc; path = main.m; sourceTree = "<group>"; };
		450B11A31D7121D000B91522 /* AppDelegate.h */ = {isa = PBXFileReference; lastKnownFileType = sourcecode.c.h; path = AppDelegate.h; sourceTree = "<group>"; };
		450B11A41D7121D000B91522 /* AppDelegate.m */ = {isa = PBXFileReference; lastKnownFileType = sourcecode.c.objc; path = AppDelegate.m; sourceTree = "<group>"; };
		450B11A61D7121D000B91522 /* ViewController.h */ = {isa = PBXFileReference; lastKnownFileType = sourcecode.c.h; path = ViewController.h; sourceTree = "<group>"; };
		450B11A71D7121D000B91522 /* ViewController.m */ = {isa = PBXFileReference; lastKnownFileType = sourcecode.c.objc; path = ViewController.m; sourceTree = "<group>"; };
		450B11AA1D7121D000B91522 /* Base */ = {isa = PBXFileReference; lastKnownFileType = file.storyboard; name = Base; path = Base.lproj/Main.storyboard; sourceTree = "<group>"; };
		450B11AC1D7121D000B91522 /* Assets.xcassets */ = {isa = PBXFileReference; lastKnownFileType = folder.assetcatalog; path = Assets.xcassets; sourceTree = "<group>"; };
		450B11AF1D7121D000B91522 /* Base */ = {isa = PBXFileReference; lastKnownFileType = file.storyboard; name = Base; path = Base.lproj/LaunchScreen.storyboard; sourceTree = "<group>"; };
		450B11B11D7121D000B91522 /* Info.plist */ = {isa = PBXFileReference; lastKnownFileType = text.plist.xml; path = Info.plist; sourceTree = "<group>"; };
		450B11C11D71260600B91522 /* WKWebViewController.h */ = {isa = PBXFileReference; fileEncoding = 4; lastKnownFileType = sourcecode.c.h; path = WKWebViewController.h; sourceTree = "<group>"; };
		450B11C21D71260600B91522 /* WKWebViewController.m */ = {isa = PBXFileReference; fileEncoding = 4; lastKnownFileType = sourcecode.c.objc; path = WKWebViewController.m; sourceTree = "<group>"; };
		450B11D81D717FE400B91522 /* shopsDetail_UIWebView_Block.html */ = {isa = PBXFileReference; fileEncoding = 4; lastKnownFileType = text.html; path = shopsDetail_UIWebView_Block.html; sourceTree = "<group>"; };
		450B11DA1D717FE400B91522 /* Cbase.css */ = {isa = PBXFileReference; fileEncoding = 4; lastKnownFileType = text.css; path = Cbase.css; sourceTree = "<group>"; };
		450B11DB1D717FE400B91522 /* jquery-1.7.2.min.js */ = {isa = PBXFileReference; fileEncoding = 4; lastKnownFileType = sourcecode.javascript; path = "jquery-1.7.2.min.js"; sourceTree = "<group>"; };
		450B11DC1D717FE400B91522 /* pay_UIWebView.html */ = {isa = PBXFileReference; fileEncoding = 4; lastKnownFileType = text.html; path = pay_UIWebView.html; sourceTree = "<group>"; };
		450B11DD1D717FE400B91522 /* shopCar_UIWebView.html */ = {isa = PBXFileReference; fileEncoding = 4; lastKnownFileType = text.html; path = shopCar_UIWebView.html; sourceTree = "<group>"; };
		450B11DE1D717FE400B91522 /* shopsDetail_UIWebView.html */ = {isa = PBXFileReference; fileEncoding = 4; lastKnownFileType = text.html; path = shopsDetail_UIWebView.html; sourceTree = "<group>"; };
		450B11DF1D717FE400B91522 /* UIWebViewController.h */ = {isa = PBXFileReference; fileEncoding = 4; lastKnownFileType = sourcecode.c.h; path = UIWebViewController.h; sourceTree = "<group>"; };
		450B11E01D717FE400B91522 /* UIWebViewController.m */ = {isa = PBXFileReference; fileEncoding = 4; lastKnownFileType = sourcecode.c.objc; path = UIWebViewController.m; sourceTree = "<group>"; };
		450B11E81D71800400B91522 /* UIWWebViewBlockViewController.h */ = {isa = PBXFileReference; fileEncoding = 4; lastKnownFileType = sourcecode.c.h; path = UIWWebViewBlockViewController.h; sourceTree = "<group>"; };
		450B11E91D71800400B91522 /* UIWWebViewBlockViewController.m */ = {isa = PBXFileReference; fileEncoding = 4; lastKnownFileType = sourcecode.c.objc; path = UIWWebViewBlockViewController.m; sourceTree = "<group>"; };
		45E3FF391D73E994009DD5DD /* shopsDetail_WKWebView.html */ = {isa = PBXFileReference; fileEncoding = 4; lastKnownFileType = text.html; path = shopsDetail_WKWebView.html; sourceTree = "<group>"; };
/* End PBXFileReference section */

/* Begin PBXFrameworksBuildPhase section */
		450B119A1D7121D000B91522 /* Frameworks */ = {
			isa = PBXFrameworksBuildPhase;
			buildActionMask = 2147483647;
			files = (
			);
			runOnlyForDeploymentPostprocessing = 0;
		};
/* End PBXFrameworksBuildPhase section */

/* Begin PBXGroup section */
		450B11941D7121D000B91522 = {
			isa = PBXGroup;
			children = (
				450B119F1D7121D000B91522 /* WebViewTestDemo */,
				450B119E1D7121D000B91522 /* Products */,
			);
			sourceTree = "<group>";
		};
		450B119E1D7121D000B91522 /* Products */ = {
			isa = PBXGroup;
			children = (
				450B119D1D7121D000B91522 /* WebViewTestDemo.app */,
			);
			name = Products;
			sourceTree = "<group>";
		};
		450B119F1D7121D000B91522 /* WebViewTestDemo */ = {
			isa = PBXGroup;
			children = (
				450B11BD1D71260600B91522 /* UIWebView */,
				450B11C01D71260600B91522 /* WKWebView */,
				450B11A31D7121D000B91522 /* AppDelegate.h */,
				450B11A41D7121D000B91522 /* AppDelegate.m */,
				450B11A61D7121D000B91522 /* ViewController.h */,
				450B11A71D7121D000B91522 /* ViewController.m */,
				450B11A91D7121D000B91522 /* Main.storyboard */,
				450B11AC1D7121D000B91522 /* Assets.xcassets */,
				450B11AE1D7121D000B91522 /* LaunchScreen.storyboard */,
				450B11B11D7121D000B91522 /* Info.plist */,
				450B11A01D7121D000B91522 /* Supporting Files */,
			);
			path = WebViewTestDemo;
			sourceTree = "<group>";
		};
		450B11A01D7121D000B91522 /* Supporting Files */ = {
			isa = PBXGroup;
			children = (
				450B11A11D7121D000B91522 /* main.m */,
			);
			name = "Supporting Files";
			sourceTree = "<group>";
		};
		450B11BD1D71260600B91522 /* UIWebView */ = {
			isa = PBXGroup;
			children = (
				450B11D91D717FE400B91522 /* JSExport */,
				450B11D71D717FE400B91522 /* Block */,
			);
			path = UIWebView;
			sourceTree = "<group>";
		};
		450B11C01D71260600B91522 /* WKWebView */ = {
			isa = PBXGroup;
			children = (
				45E3FF391D73E994009DD5DD /* shopsDetail_WKWebView.html */,
				450B11C11D71260600B91522 /* WKWebViewController.h */,
				450B11C21D71260600B91522 /* WKWebViewController.m */,
			);
			path = WKWebView;
			sourceTree = "<group>";
		};
		450B11D71D717FE400B91522 /* Block */ = {
			isa = PBXGroup;
			children = (
				450B11D81D717FE400B91522 /* shopsDetail_UIWebView_Block.html */,
				450B11E81D71800400B91522 /* UIWWebViewBlockViewController.h */,
				450B11E91D71800400B91522 /* UIWWebViewBlockViewController.m */,
			);
			path = Block;
			sourceTree = "<group>";
		};
		450B11D91D717FE400B91522 /* JSExport */ = {
			isa = PBXGroup;
			children = (
				450B11DA1D717FE400B91522 /* Cbase.css */,
				450B11DB1D717FE400B91522 /* jquery-1.7.2.min.js */,
				450B11DC1D717FE400B91522 /* pay_UIWebView.html */,
				450B11DD1D717FE400B91522 /* shopCar_UIWebView.html */,
				450B11DE1D717FE400B91522 /* shopsDetail_UIWebView.html */,
				450B11DF1D717FE400B91522 /* UIWebViewController.h */,
				450B11E01D717FE400B91522 /* UIWebViewController.m */,
			);
			path = JSExport;
			sourceTree = "<group>";
		};
/* End PBXGroup section */

/* Begin PBXNativeTarget section */
		450B119C1D7121D000B91522 /* WebViewTestDemo */ = {
			isa = PBXNativeTarget;
			buildConfigurationList = 450B11B41D7121D000B91522 /* Build configuration list for PBXNativeTarget "WebViewTestDemo" */;
			buildPhases = (
				450B11991D7121D000B91522 /* Sources */,
				450B119A1D7121D000B91522 /* Frameworks */,
				450B119B1D7121D000B91522 /* Resources */,
			);
			buildRules = (
			);
			dependencies = (
			);
			name = WebViewTestDemo;
			productName = WebViewTestDemo;
			productReference = 450B119D1D7121D000B91522 /* WebViewTestDemo.app */;
			productType = "com.apple.product-type.application";
		};
/* End PBXNativeTarget section */

/* Begin PBXProject section */
		450B11951D7121D000B91522 /* Project object */ = {
			isa = PBXProject;
			attributes = {
				LastUpgradeCheck = 0720;
				ORGANIZATIONNAME = Totoro.Lee;
				TargetAttributes = {
					450B119C1D7121D000B91522 = {
						CreatedOnToolsVersion = 7.2;
					};
				};
			};
			buildConfigurationList = 450B11981D7121D000B91522 /* Build configuration list for PBXProject "WebViewTestDemo" */;
			compatibilityVersion = "Xcode 3.2";
			developmentRegion = English;
			hasScannedForEncodings = 0;
			knownRegions = (
				en,
				Base,
			);
			mainGroup = 450B11941D7121D000B91522;
			productRefGroup = 450B119E1D7121D000B91522 /* Products */;
			projectDirPath = "";
			projectRoot = "";
			targets = (
				450B119C1D7121D000B91522 /* WebViewTestDemo */,
			);
		};
/* End PBXProject section */

/* Begin PBXResourcesBuildPhase section */
		450B119B1D7121D000B91522 /* Resources */ = {
			isa = PBXResourcesBuildPhase;
			buildActionMask = 2147483647;
			files = (
				450B11B01D7121D000B91522 /* LaunchScreen.storyboard in Resources */,
				450B11E11D717FE400B91522 /* shopsDetail_UIWebView_Block.html in Resources */,
				450B11E41D717FE400B91522 /* pay_UIWebView.html in Resources */,
				45E3FF3A1D73E994009DD5DD /* shopsDetail_WKWebView.html in Resources */,
				450B11E31D717FE400B91522 /* jquery-1.7.2.min.js in Resources */,
				450B11E51D717FE400B91522 /* shopCar_UIWebView.html in Resources */,
				450B11E21D717FE400B91522 /* Cbase.css in Resources */,
				450B11AD1D7121D000B91522 /* Assets.xcassets in Resources */,
				450B11AB1D7121D000B91522 /* Main.storyboard in Resources */,
				450B11E61D717FE400B91522 /* shopsDetail_UIWebView.html in Resources */,
			);
			runOnlyForDeploymentPostprocessing = 0;
		};
/* End PBXResourcesBuildPhase section */

/* Begin PBXSourcesBuildPhase section */
		450B11991D7121D000B91522 /* Sources */ = {
			isa = PBXSourcesBuildPhase;
			buildActionMask = 2147483647;
			files = (
				450B11C41D71260600B91522 /* WKWebViewController.m in Sources */,
				450B11A81D7121D000B91522 /* ViewController.m in Sources */,
				450B11A51D7121D000B91522 /* AppDelegate.m in Sources */,
				450B11E71D717FE400B91522 /* UIWebViewController.m in Sources */,
				450B11EA1D71800400B91522 /* UIWWebViewBlockViewController.m in Sources */,
				450B11A21D7121D000B91522 /* main.m in Sources */,
			);
			runOnlyForDeploymentPostprocessing = 0;
		};
/* End PBXSourcesBuildPhase section */

/* Begin PBXVariantGroup section */
		450B11A91D7121D000B91522 /* Main.storyboard */ = {
			isa = PBXVariantGroup;
			children = (
				450B11AA1D7121D000B91522 /* Base */,
			);
			name = Main.storyboard;
			sourceTree = "<group>";
		};
		450B11AE1D7121D000B91522 /* LaunchScreen.storyboard */ = {
			isa = PBXVariantGroup;
			children = (
				450B11AF1D7121D000B91522 /* Base */,
			);
			name = LaunchScreen.storyboard;
			sourceTree = "<group>";
		};
/* End PBXVariantGroup section */

/* Begin XCBuildConfiguration section */
		450B11B21D7121D000B91522 /* Debug */ = {
			isa = XCBuildConfiguration;
			buildSettings = {
				ALWAYS_SEARCH_USER_PATHS = NO;
				CLANG_CXX_LANGUAGE_STANDARD = "gnu++0x";
				CLANG_CXX_LIBRARY = "libc++";
				CLANG_ENABLE_MODULES = YES;
				CLANG_ENABLE_OBJC_ARC = YES;
				CLANG_WARN_BOOL_CONVERSION = YES;
				CLANG_WARN_CONSTANT_CONVERSION = YES;
				CLANG_WARN_DIRECT_OBJC_ISA_USAGE = YES_ERROR;
				CLANG_WARN_EMPTY_BODY = YES;
				CLANG_WARN_ENUM_CONVERSION = YES;
				CLANG_WARN_INT_CONVERSION = YES;
				CLANG_WARN_OBJC_ROOT_CLASS = YES_ERROR;
				CLANG_WARN_UNREACHABLE_CODE = YES;
				CLANG_WARN__DUPLICATE_METHOD_MATCH = YES;
				"CODE_SIGN_IDENTITY[sdk=iphoneos*]" = "iPhone Developer";
				COPY_PHASE_STRIP = NO;
				DEBUG_INFORMATION_FORMAT = dwarf;
				ENABLE_STRICT_OBJC_MSGSEND = YES;
				ENABLE_TESTABILITY = YES;
				GCC_C_LANGUAGE_STANDARD = gnu99;
				GCC_DYNAMIC_NO_PIC = NO;
				GCC_NO_COMMON_BLOCKS = YES;
				GCC_OPTIMIZATION_LEVEL = 0;
				GCC_PREPROCESSOR_DEFINITIONS = (
					"DEBUG=1",
					"$(inherited)",
				);
				GCC_WARN_64_TO_32_BIT_CONVERSION = YES;
				GCC_WARN_ABOUT_RETURN_TYPE = YES_ERROR;
				GCC_WARN_UNDECLARED_SELECTOR = YES;
				GCC_WARN_UNINITIALIZED_AUTOS = YES_AGGRESSIVE;
				GCC_WARN_UNUSED_FUNCTION = YES;
				GCC_WARN_UNUSED_VARIABLE = YES;
				IPHONEOS_DEPLOYMENT_TARGET = 9.2;
				MTL_ENABLE_DEBUG_INFO = YES;
				ONLY_ACTIVE_ARCH = YES;
				SDKROOT = iphoneos;
			};
			name = Debug;
		};
		450B11B31D7121D000B91522 /* Release */ = {
			isa = XCBuildConfiguration;
			buildSettings = {
				ALWAYS_SEARCH_USER_PATHS = NO;
				CLANG_CXX_LANGUAGE_STANDARD = "gnu++0x";
				CLANG_CXX_LIBRARY = "libc++";
				CLANG_ENABLE_MODULES = YES;
				CLANG_ENABLE_OBJC_ARC = YES;
				CLANG_WARN_BOOL_CONVERSION = YES;
				CLANG_WARN_CONSTANT_CONVERSION = YES;
				CLANG_WARN_DIRECT_OBJC_ISA_USAGE = YES_ERROR;
				CLANG_WARN_EMPTY_BODY = YES;
				CLANG_WARN_ENUM_CONVERSION = YES;
				CLANG_WARN_INT_CONVERSION = YES;
				CLANG_WARN_OBJC_ROOT_CLASS = YES_ERROR;
				CLANG_WARN_UNREACHABLE_CODE = YES;
				CLANG_WARN__DUPLICATE_METHOD_MATCH = YES;
				"CODE_SIGN_IDENTITY[sdk=iphoneos*]" = "iPhone Developer";
				COPY_PHASE_STRIP = NO;
				DEBUG_INFORMATION_FORMAT = "dwarf-with-dsym";
				ENABLE_NS_ASSERTIONS = NO;
				ENABLE_STRICT_OBJC_MSGSEND = YES;
				GCC_C_LANGUAGE_STANDARD = gnu99;
				GCC_NO_COMMON_BLOCKS = YES;
				GCC_WARN_64_TO_32_BIT_CONVERSION = YES;
				GCC_WARN_ABOUT_RETURN_TYPE = YES_ERROR;
				GCC_WARN_UNDECLARED_SELECTOR = YES;
				GCC_WARN_UNINITIALIZED_AUTOS = YES_AGGRESSIVE;
				GCC_WARN_UNUSED_FUNCTION = YES;
				GCC_WARN_UNUSED_VARIABLE = YES;
				IPHONEOS_DEPLOYMENT_TARGET = 9.2;
				MTL_ENABLE_DEBUG_INFO = NO;
				SDKROOT = iphoneos;
				VALIDATE_PRODUCT = YES;
			};
			name = Release;
		};
		450B11B51D7121D000B91522 /* Debug */ = {
			isa = XCBuildConfiguration;
			buildSettings = {
				ASSETCATALOG_COMPILER_APPICON_NAME = AppIcon;
				INFOPLIST_FILE = WebViewTestDemo/Info.plist;
				IPHONEOS_DEPLOYMENT_TARGET = 8.0;
				LD_RUNPATH_SEARCH_PATHS = "$(inherited) @executable_path/Frameworks";
				PRODUCT_BUNDLE_IDENTIFIER = Totoro.Lee.com.WebViewTestDemo;
				PRODUCT_NAME = "$(TARGET_NAME)";
			};
			name = Debug;
		};
		450B11B61D7121D000B91522 /* Release */ = {
			isa = XCBuildConfiguration;
			buildSettings = {
				ASSETCATALOG_COMPILER_APPICON_NAME = AppIcon;
				INFOPLIST_FILE = WebViewTestDemo/Info.plist;
				IPHONEOS_DEPLOYMENT_TARGET = 8.0;
				LD_RUNPATH_SEARCH_PATHS = "$(inherited) @executable_path/Frameworks";
				PRODUCT_BUNDLE_IDENTIFIER = Totoro.Lee.com.WebViewTestDemo;
				PRODUCT_NAME = "$(TARGET_NAME)";
			};
			name = Release;
		};
/* End XCBuildConfiguration section */

/* Begin XCConfigurationList section */
		450B11981D7121D000B91522 /* Build configuration list for PBXProject "WebViewTestDemo" */ = {
			isa = XCConfigurationList;
			buildConfigurations = (
				450B11B21D7121D000B91522 /* Debug */,
				450B11B31D7121D000B91522 /* Release */,
			);
			defaultConfigurationIsVisible = 0;
			defaultConfigurationName = Release;
		};
		450B11B41D7121D000B91522 /* Build configuration list for PBXNativeTarget "WebViewTestDemo" */ = {
			isa = XCConfigurationList;
			buildConfigurations = (
				450B11B51D7121D000B91522 /* Debug */,
				450B11B61D7121D000B91522 /* Release */,
			);
			defaultConfigurationIsVisible = 0;
			defaultConfigurationName = Release;
		};
/* End XCConfigurationList section */
	};
	rootObject = 450B11951D7121D000B91522 /* Project object */;
}
